{
    "_meta": {
        "hash": {
            "sha256": "5e8a18af9717177c78038a2bb9e26d6b2e6b693e7857441e74ce8ef7ac81d196"
        },
        "pipfile-spec": 6,
        "requires": {
            "python_version": "3.8"
        },
        "sources": [
            {
                "name": "pypi",
                "url": "https://pypi.org/simple",
                "verify_ssl": true
            }
        ]
    },
    "default": {
        "aiofile": {
            "hashes": [
                "sha256:b2a153a2f8688c9e7c2df00f26024cc4ae03ad2de15aa41a68d939b46eaad859",
                "sha256:e1c577ab033cf1fd01ff33e033431223c5310254cc41bc3c6bf467e702a29791"
            ],
            "index": "pypi",
            "version": "==3.7.2"
        },
        "caio": {
            "hashes": [
                "sha256:2e46b0c008b8baadcac9c8acc66aa1fff58acae779a8a81479795a499f3a6a40",
                "sha256:46f649cbd68c6762e0a2d6fc1ab69ab9b06ddcdaab52241514b8c7cce48be08a",
                "sha256:4c10054e6bc19e619033bb6f6ef8000b334596f0a947de91462513e5f54054db",
                "sha256:7331c49c6d9036a72ba9ae17de9804359b84c0c3c69bb9f3ab7020bf47f59a53",
                "sha256:966575da339c004c2410b4a92a6b7639659a6e90f45849dafa839e9dd2177c77",
                "sha256:ab94072fb0b00ee0108acd938c9444b828bd9dd0afbb54059293c1e5e61f2a76",
                "sha256:cccd691fa9eadb378ec2baf6bce6427640a629426a4dcd56d66b849a09c49949",
                "sha256:e475ed5cadd550aef36b10a74613fa797e8141cd7360af71507ed29eaaf20b0b",
                "sha256:fa4b8f9538a2b52081edee7f972f6644f02149ae7d1ea9c3a7d55df9c1cc182f",
                "sha256:fae7cd90da87effda72ec2ca85df67f6dc91e58c0dfb6244db4c4d32d1a43fb7"
            ],
            "markers": "python_version >= '3.5' and python_version < '4'",
            "version": "==0.9.3"
        },
        "certifi": {
            "hashes": [
                "sha256:78884e7c1d4b00ce3cea67b44566851c4343c120abd683433ce934a68ea58872",
                "sha256:d62a0163eb4c2344ac042ab2bdf75399a71a2d8c7d47eac2e2ee91b9d6339569"
            ],
            "version": "==2021.10.8"
        },
        "charset-normalizer": {
            "hashes": [
                "sha256:735e240d9a8506778cd7a453d97e817e536bb1fc29f4f6961ce297b9c7a917b0",
                "sha256:83fcdeb225499d6344c8f7f34684c2981270beacc32ede2e669e94f7fa544405"
            ],
            "markers": "python_version >= '3'",
            "version": "==2.0.8"
        },
        "idna": {
            "hashes": [
                "sha256:84d9dd047ffa80596e0f246e2eab0b391788b0503584e8945f2368256d2735ff",
                "sha256:9d643ff0a55b762d5cdb124b8eaa99c66322e2157b69160bc32796e824360e6d"
            ],
            "markers": "python_version >= '3'",
            "version": "==3.3"
        },
        "requests": {
            "hashes": [
                "sha256:6c1246513ecd5ecd4528a0906f910e8f0f9c6b8ec72030dc9fd154dc1a6efd24",
                "sha256:b8aa58f8cf793ffd8782d3d8cb19e66ef36f7aba4353eec859e74678b01b07a7"
            ],
            "index": "pypi",
            "version": "==2.26.0"
        },
        "urllib3": {
            "hashes": [
                "sha256:4987c65554f7a2dbf30c18fd48778ef124af6fab771a377103da0585e2336ece",
                "sha256:c4fdf4019605b6e5423637e01bc9fe4daef873709a7973e195ceba0a62bbc844"
            ],
            "markers": "python_version >= '2.7' and python_version not in '3.0, 3.1, 3.2, 3.3, 3.4' and python_version < '4'",
            "version": "==1.26.7"
        }
    },
    "develop": {}
}
